<?xml version="1.0" encoding="utf-8"?>
<Project ToolsVersion="4.0" xmlns="http://schemas.microsoft.com/developer/msbuild/2003">
  <ItemGroup>
    <Filter Include="Includes">
      <UniqueIdentifier>{99c02509-5762-4fff-97a1-bddf026cc508}</UniqueIdentifier>
    </Filter>
    <Filter Include="Sources">
      <UniqueIdentifier>{1881a3d7-01cf-4cf7-9298-4b33720eb929}</UniqueIdentifier>
    </Filter>
  </ItemGroup>
  <ItemGroup>
    <ClInclude Include="Communication.hpp">
      <Filter>Includes</Filter>
    </ClInclude>
    <ClInclude Include="KernelInterface.hpp">
      <Filter>Includes</Filter>
    </ClInclude>
    <ClInclude Include="Offsets.hpp">
      <Filter>Includes</Filter>
    </ClInclude>
  </ItemGroup>
  <ItemGroup>
    <ClCompile Include="ReadWriteController.cpp">
      <Filter>Sources</Filter>
    </ClCompile>
  </ItemGroup>
</Project>