<?xml version="1.0" encoding="utf-8"?>
<Project ToolsVersion="4.0" xmlns="http://schemas.microsoft.com/developer/msbuild/2003">
  <ItemGroup>
    <ClCompile Include="Communication.c">
      <Filter>Sources</Filter>
    </ClCompile>
    <ClCompile Include="Events.c">
      <Filter>Sources</Filter>
    </ClCompile>
    <ClCompile Include="Memory.c">
      <Filter>Sources</Filter>
    </ClCompile>
    <ClCompile Include="ReadWrite.c">
      <Filter>Sources</Filter>
    </ClCompile>
  </ItemGroup>
  <ItemGroup>
    <ClInclude Include="Communication.h">
      <Filter>Includes</Filter>
    </ClInclude>
    <ClInclude Include="Data.h">
      <Filter>Includes</Filter>
    </ClInclude>
    <ClInclude Include="Events.h">
      <Filter>Includes</Filter>
    </ClInclude>
    <ClInclude Include="Memory.h">
      <Filter>Includes</Filter>
    </ClInclude>
    <ClInclude Include="ReadWrite.h">
      <Filter>Includes</Filter>
    </ClInclude>
  </ItemGroup>
  <ItemGroup>
    <Filter Include="Includes">
      <UniqueIdentifier>{5ac66a9c-751f-48da-86ef-eee1a0b42a1b}</UniqueIdentifier>
    </Filter>
    <Filter Include="Sources">
      <UniqueIdentifier>{232febe7-353a-44ea-ba51-d96e909156ba}</UniqueIdentifier>
    </Filter>
  </ItemGroup>
  <ItemGroup>
    <Inf Include="ReadWriteKernel.inf" />
  </ItemGroup>
</Project>